<?xml version="1.0" encoding="utf-8"?>
<Project ToolsVersion="4.0" xmlns="http://schemas.microsoft.com/developer/msbuild/2003">
  <ItemGroup>
    <ClInclude Include="Include\nmath\geometry\GraphTopology.h" />
    <ClInclude Include="Include\nmath\geometry\Plane.h" />
    <ClInclude Include="Include\nmath\geometry\Polytope.h" />
    <ClInclude Include="Include\nmath\geometry\Ray.h" />
    <ClInclude Include="Include\nmath\graph\container\edge.hpp" />
    <ClInclude Include="Include\nmath\graph\container\vert.hpp" />
    <ClInclude Include="Include\nmath\graph\decl.hpp" />
    <ClInclude Include="Include\nmath\graph\edge.hpp" />
    <ClInclude Include="Include\nmath\graph\EdgeFunction.h" />
    <ClInclude Include="Include\nmath\graph\edge_data.hpp" />
    <ClInclude Include="Include\nmath\graph\graph.hpp" />
    <ClInclude Include="Include\nmath\graph\iterator\edge_graph.hpp" />
    <ClInclude Include="Include\nmath\graph\iterator\edge_vert.hpp" />
    <ClInclude Include="Include\nmath\graph\iterator\vert_comp.hpp" />
    <ClInclude Include="Include\nmath\graph\iterator\vert_graph.hpp" />
    <ClInclude Include="Include\nmath\graph\iterator\vert_graph_all.hpp" />
    <ClInclude Include="Include\nmath\graph\layer.hpp" />
    <ClInclude Include="Include\nmath\graph\pair_comp.hpp" />
    <ClInclude Include="Include\nmath\graph\vert.hpp" />
    <ClInclude Include="Include\nmath\graph\VertFunction.h" />
    <ClInclude Include="Include\nmath\graph\vert_comp.hpp" />
    <ClInclude Include="Include\nmath\linalg\Mat.h" />
    <ClInclude Include="Include\nmath\linalg\MatFunctions.h" />
    <ClInclude Include="Include\nmath\linalg\NMath.h" />
    <ClInclude Include="Include\nmath\linalg\Vec.h" />
    <ClInclude Include="Include\nmath\linalg\VecFunctions.h" />
    <ClInclude Include="Include\nmath\vclip\Vclip.h" />
    <ClInclude Include="Include\nmath\util\Array.h" />
    <ClInclude Include="Include\nmath\vclip\Feature.h" />
  </ItemGroup>
  <ItemGroup>
    <Text Include="Include\nmath\vclip\vclip_pseudocode.txt" />
    <Text Include="Include\nmath\vclip\vclip_pseudocode_new.txt" />
  </ItemGroup>
  <ItemGroup>
    <ClCompile Include="Source.cpp" />
    <ClCompile Include="Source\graph\edge_data.cpp" />
  </ItemGroup>
</Project>